
Microsoft Visual Studio Solution File, Format Version 12.00
# Visual Studio Version 17
VisualStudioVersion = 17.7.34024.191
MinimumVisualStudioVersion = 10.0.40219.1
Project("{FAE04EC0-301F-11D3-BF4B-00C04F79EFBC}") = "Interfaz proyecto", "Interfaz proyecto\Interfaz proyecto.csproj", "{BFD061AC-F76A-4C92-B150-E8DC3693E391}"
EndProject
Project("{FAE04EC0-301F-11D3-BF4B-00C04F79EFBC}") = "BaseDatos", "BaseDatos\BaseDatos.csproj", "{0F077F57-2632-40EA-A95F-104D8AFD49B6}"
EndProject
Global
	GlobalSection(SolutionConfigurationPlatforms) = preSolution
		Debug|Any CPU = Debug|Any CPU
		Release|Any CPU = Release|Any CPU
	EndGlobalSection
	GlobalSection(ProjectConfigurationPlatforms) = postSolution
		{BFD061AC-F76A-4C92-B150-E8DC3693E391}.Debug|Any CPU.ActiveCfg = Debug|Any CPU
		{BFD061AC-F76A-4C92-B150-E8DC3693E391}.Debug|Any CPU.Build.0 = Debug|Any CPU
		{BFD061AC-F76A-4C92-B150-E8DC3693E391}.Release|Any CPU.ActiveCfg = Release|Any CPU
		{BFD061AC-F76A-4C92-B150-E8DC3693E391}.Release|Any CPU.Build.0 = Release|Any CPU
		{0F077F57-2632-40EA-A95F-104D8AFD49B6}.Debug|Any CPU.ActiveCfg = Debug|Any CPU
		{0F077F57-2632-40EA-A95F-104D8AFD49B6}.Debug|Any CPU.Build.0 = Debug|Any CPU
		{0F077F57-2632-40EA-A95F-104D8AFD49B6}.Release|Any CPU.ActiveCfg = Release|Any CPU
		{0F077F57-2632-40EA-A95F-104D8AFD49B6}.Release|Any CPU.Build.0 = Release|Any CPU
	EndGlobalSection
	GlobalSection(SolutionProperties) = preSolution
		HideSolutionNode = FALSE
	EndGlobalSection
	GlobalSection(ExtensibilityGlobals) = postSolution
		SolutionGuid = {31C1CAC1-7212-4DAE-9B8B-71B7B60B9FBD}
	EndGlobalSection
EndGlobal
